
Microsoft Visual Studio Solution File, Format Version 12.00
# Visual Studio Version 17
VisualStudioVersion = 17.14.36109.1 d17.14
MinimumVisualStudioVersion = 10.0.40219.1
Project("{FAE04EC0-301F-11D3-BF4B-00C04F79EFBC}") = "practicec#", "practicec#\practicec#.csproj", "{F5B1D532-6A68-42B8-BF89-FF5F257AA9D6}"
EndProject
Global
	GlobalSection(SolutionConfigurationPlatforms) = preSolution
		Debug|Any CPU = Debug|Any CPU
		Release|Any CPU = Release|Any CPU
	EndGlobalSection
	GlobalSection(ProjectConfigurationPlatforms) = postSolution
		{F5B1D532-6A68-42B8-BF89-FF5F257AA9D6}.Debug|Any CPU.ActiveCfg = Debug|Any CPU
		{F5B1D532-6A68-42B8-BF89-FF5F257AA9D6}.Debug|Any CPU.Build.0 = Debug|Any CPU
		{F5B1D532-6A68-42B8-BF89-FF5F257AA9D6}.Release|Any CPU.ActiveCfg = Release|Any CPU
		{F5B1D532-6A68-42B8-BF89-FF5F257AA9D6}.Release|Any CPU.Build.0 = Release|Any CPU
	EndGlobalSection
	GlobalSection(SolutionProperties) = preSolution
		HideSolutionNode = FALSE
	EndGlobalSection
	GlobalSection(ExtensibilityGlobals) = postSolution
		SolutionGuid = {8E98005C-EFE8-48F7-B1FB-D391479B6B00}
	EndGlobalSection
EndGlobal
